
Microsoft Visual Studio Solution File, Format Version 12.00
# Visual Studio Version 16
VisualStudioVersion = 16.0.29409.12
MinimumVisualStudioVersion = 10.0.40219.1
Project("{FAE04EC0-301F-11D3-BF4B-00C04F79EFBC}") = "CSSPage.Android", "CSSPage\CSSPage.Android\CSSPage.Android.csproj", "{003F799E-1ACF-4975-8DB2-EFAD1CE6C804}"
EndProject
Project("{FAE04EC0-301F-11D3-BF4B-00C04F79EFBC}") = "CSSPage", "CSSPage\CSSPage\CSSPage.csproj", "{6D067BC2-63BF-478B-96FF-8B100016FA19}"
EndProject
Global
	GlobalSection(SolutionConfigurationPlatforms) = preSolution
		Debug|Any CPU = Debug|Any CPU
		Release|Any CPU = Release|Any CPU
	EndGlobalSection
	GlobalSection(ProjectConfigurationPlatforms) = postSolution
		{003F799E-1ACF-4975-8DB2-EFAD1CE6C804}.Debug|Any CPU.ActiveCfg = Debug|Any CPU
		{003F799E-1ACF-4975-8DB2-EFAD1CE6C804}.Debug|Any CPU.Build.0 = Debug|Any CPU
		{003F799E-1ACF-4975-8DB2-EFAD1CE6C804}.Debug|Any CPU.Deploy.0 = Debug|Any CPU
		{003F799E-1ACF-4975-8DB2-EFAD1CE6C804}.Release|Any CPU.ActiveCfg = Release|Any CPU
		{003F799E-1ACF-4975-8DB2-EFAD1CE6C804}.Release|Any CPU.Build.0 = Release|Any CPU
		{003F799E-1ACF-4975-8DB2-EFAD1CE6C804}.Release|Any CPU.Deploy.0 = Release|Any CPU
		{6D067BC2-63BF-478B-96FF-8B100016FA19}.Debug|Any CPU.ActiveCfg = Debug|Any CPU
		{6D067BC2-63BF-478B-96FF-8B100016FA19}.Debug|Any CPU.Build.0 = Debug|Any CPU
		{6D067BC2-63BF-478B-96FF-8B100016FA19}.Debug|Any CPU.Deploy.0 = Debug|Any CPU
		{6D067BC2-63BF-478B-96FF-8B100016FA19}.Release|Any CPU.ActiveCfg = Release|Any CPU
		{6D067BC2-63BF-478B-96FF-8B100016FA19}.Release|Any CPU.Build.0 = Release|Any CPU
		{6D067BC2-63BF-478B-96FF-8B100016FA19}.Release|Any CPU.Deploy.0 = Release|Any CPU
	EndGlobalSection
	GlobalSection(SolutionProperties) = preSolution
		HideSolutionNode = FALSE
	EndGlobalSection
	GlobalSection(ExtensibilityGlobals) = postSolution
		SolutionGuid = {B5E7B31F-58AD-4382-911E-64ED03399159}
	EndGlobalSection
EndGlobal
